
Microsoft Visual Studio Solution File, Format Version 12.00
# Visual Studio Version 17
VisualStudioVersion = 17.10.35027.167
MinimumVisualStudioVersion = 10.0.40219.1
Project("{FAE04EC0-301F-11D3-BF4B-00C04F79EFBC}") = "TodoList_API", "TodoList_API\TodoList_API.csproj", "{5F582623-9203-4B3E-BDD2-367F7F380BFF}"
EndProject
Global
	GlobalSection(SolutionConfigurationPlatforms) = preSolution
		Debug|Any CPU = Debug|Any CPU
		Release|Any CPU = Release|Any CPU
	EndGlobalSection
	GlobalSection(ProjectConfigurationPlatforms) = postSolution
		{5F582623-9203-4B3E-BDD2-367F7F380BFF}.Debug|Any CPU.ActiveCfg = Debug|Any CPU
		{5F582623-9203-4B3E-BDD2-367F7F380BFF}.Debug|Any CPU.Build.0 = Debug|Any CPU
		{5F582623-9203-4B3E-BDD2-367F7F380BFF}.Release|Any CPU.ActiveCfg = Release|Any CPU
		{5F582623-9203-4B3E-BDD2-367F7F380BFF}.Release|Any CPU.Build.0 = Release|Any CPU
	EndGlobalSection
	GlobalSection(SolutionProperties) = preSolution
		HideSolutionNode = FALSE
	EndGlobalSection
	GlobalSection(ExtensibilityGlobals) = postSolution
		SolutionGuid = {C1331B15-7646-4BD1-889C-171384F48A6F}
	EndGlobalSection
EndGlobal
